# THIS IS AN AUTOGENERATED FILE. DO NOT EDIT THIS FILE DIRECTLY.
# yarn lockfile v1


"@types/node@*":
  "integrity" "sha512-fh+pAqt4xRzPfqA6eh3Z2y6fyZavRIumvjhaCL753+TVkGKGhpPeyrJG2JftD0T9q4GF00KjefsQ+PQNDdWQaQ=="
  "resolved" "https://registry.npmjs.org/@types/node/-/node-10.12.18.tgz"
  "version" "10.12.18"

"argparse@^1.0.7":
  "integrity" "sha512-o5Roy6tNG4SL/FOkCAN6RzjiakZS25RLYFrcMttJqbdd8BWrnA+fGz57iN5Pb06pvBGvl5gQ0B48dJlslXvoTg=="
  "resolved" "https://registry.npmjs.org/argparse/-/argparse-1.0.10.tgz"
  "version" "1.0.10"
  dependencies:
    "sprintf-js" "~1.0.2"

"balanced-match@^1.0.0":
  "integrity" "sha1-ibTRmasr7kneFk6gK4nORi1xt2c= sha512-9Y0g0Q8rmSt+H33DfKv7FOc3v+iRI+o1lbzt8jGcIosYW37IIW/2XVYq5NPdmaD5NQ59Nk26Kl/vZbwW9Fr8vg=="
  "resolved" "https://registry.npmjs.org/balanced-match/-/balanced-match-1.0.0.tgz"
  "version" "1.0.0"

"boolbase@~1.0.0":
  "integrity" "sha1-aN/1++YMUes3cl6p4+0xDcwed24= sha512-JZOSA7Mo9sNGB8+UjSgzdLtokWAky1zbztM3WRLCbZ70/3cTANmQmOdR7y2g+J0e2WXywy1yS468tY+IruqEww=="
  "resolved" "https://registry.npmjs.org/boolbase/-/boolbase-1.0.0.tgz"
  "version" "1.0.0"

"brace-expansion@^1.1.7":
  "integrity" "sha512-iCuPHDFgrHX7H2vEI/5xpz07zSHB00TpugqhmYtVmMO6518mCuRMoOYFldEBl0g187ufozdaHgWKcYFb61qGiA=="
  "resolved" "https://registry.npmjs.org/brace-expansion/-/brace-expansion-1.1.11.tgz"
  "version" "1.1.11"
  dependencies:
    "balanced-match" "^1.0.0"
    "concat-map" "0.0.1"

"buffer-crc32@~0.2.3":
  "integrity" "sha1-DTM+PwDqxQqhRUq9MO+MKl2ackI= sha512-VO9Ht/+p3SN7SKWqcrgEzjGbRSJYTx+Q1pTQC0wrWqHx0vpJraQ6GtHx8tvcg1rlK1byhU5gccxgOgj7B0TDkQ=="
  "resolved" "https://registry.npmjs.org/buffer-crc32/-/buffer-crc32-0.2.13.tgz"
  "version" "0.2.13"

"cheerio@^1.0.0-rc.1":
  "integrity" "sha1-S59TqBsn5NXawxwP/Qz6A8xoMNs= sha512-9LDHQy1jHc/eXMzPN6/oah9Qba4CjdKECC7YYEE/2zge/tsGwt19NQp5NFdfd5Lx6TZlyC5SXNQkG41P9r6XDg=="
  "resolved" "https://registry.npmjs.org/cheerio/-/cheerio-1.0.0-rc.2.tgz"
  "version" "1.0.0-rc.2"
  dependencies:
    "css-select" "~1.2.0"
    "dom-serializer" "~0.1.0"
    "entities" "~1.1.1"
    "htmlparser2" "^3.9.1"
    "lodash" "^4.15.0"
    "parse5" "^3.0.1"

"commander@^2.8.1":
  "integrity" "sha512-6tvAOO+D6OENvRAh524Dh9jcfKTYDQAqvqezbCW82xj5X0pSrcpxtvRKHLG0yBY6SD7PSDrJaj+0AiOcKVd1Xg=="
  "resolved" "https://registry.npmjs.org/commander/-/commander-2.19.0.tgz"
  "version" "2.19.0"

"concat-map@0.0.1":
  "integrity" "sha1-2Klr13/Wjfd5OnMDajug1UBdR3s= sha512-/Srv4dswyQNBfohGpz9o6Yb3Gz3SrUDqBH5rTuhGR7ahtlbYKnVxw2bCFMRljaA7EXHaXZ8wsHdodFvbkhKmqg=="
  "resolved" "https://registry.npmjs.org/concat-map/-/concat-map-0.0.1.tgz"
  "version" "0.0.1"

"css-select@~1.2.0":
  "integrity" "sha1-KzoRBTnFNV8c2NMUYj6HCxIeyFg= sha512-dUQOBoqdR7QwV90WysXPLXG5LO7nhYBgiWVfxF80DKPF8zx1t/pUd2FYy73emg3zrjtM6dzmYgbHKfV2rxiHQA=="
  "resolved" "https://registry.npmjs.org/css-select/-/css-select-1.2.0.tgz"
  "version" "1.2.0"
  dependencies:
    "boolbase" "~1.0.0"
    "css-what" "2.1"
    "domutils" "1.5.1"
    "nth-check" "~1.0.1"

"css-what@2.1":
  "integrity" "sha512-wan8dMWQ0GUeF7DGEPVjhHemVW/vy6xUYmFzRY8RYqgA0JtXC9rJmbScBjqSu6dg9q0lwPQy6ZAmJVr3PPTvqQ=="
  "resolved" "https://registry.npmjs.org/css-what/-/css-what-2.1.2.tgz"
  "version" "2.1.2"

"denodeify@^1.2.1":
  "integrity" "sha1-OjYof1A05pnnV3kBBSwubJQlFjE= sha512-KNTihKNmQENUZeKu5fzfpzRqR5S2VMp4gl9RFHiWzj9DfvYQPMJ6XHKNaQxaGCXwPk6y9yme3aUoaiAe+KX+vg=="
  "resolved" "https://registry.npmjs.org/denodeify/-/denodeify-1.2.1.tgz"
  "version" "1.2.1"

"dom-serializer@~0.1.0", "dom-serializer@0":
  "integrity" "sha1-BzxpdUbOB4DOI75KKOKT5AvDDII= sha512-Fql7PX6CmQNVmoLfp7DlmvFMIL5cwLbm302SycA2iAMr95t1ITX4ilIsUG75rYtMiVLb4EMC5b2o7ApEpIXROg=="
  "resolved" "https://registry.npmjs.org/dom-serializer/-/dom-serializer-0.1.0.tgz"
  "version" "0.1.0"
  dependencies:
    "domelementtype" "~1.1.1"
    "entities" "~1.1.1"

"dom-walk@^0.1.0":
  "integrity" "sha1-ZyIm3HTI95mtNTB9+TaroRrNYBg= sha512-8CGZnLAdYN/o0SHjlP3nLvliHpi2f/prVU63/Hc4DTDpBgsNVAJekegjFtxfZ7NTUEDzHUByjX1gT3eYakIKqg=="
  "resolved" "https://registry.npmjs.org/dom-walk/-/dom-walk-0.1.1.tgz"
  "version" "0.1.1"

"domelementtype@^1.3.0":
  "integrity" "sha512-BSKB+TSpMpFI/HOxCNr1O8aMOTZ8hT3pM3GQ0w/mWRmkhEDSFJkkyzz4XQsBV44BChwGkrDfMyjVD0eA2aFV3w=="
  "resolved" "https://registry.npmjs.org/domelementtype/-/domelementtype-1.3.1.tgz"
  "version" "1.3.1"

"domelementtype@~1.1.1", "domelementtype@1":
  "integrity" "sha1-vSh3PiZCiBrsUVRJJCmcXNgiGFs= sha512-zEvAAsFY0DeHkrqWBRkSsmgaE7yADgpez40JUFjISb+uzSinl2F6QbG4lMEBE4P06gCGF6VnsykmbNgu7ZIHzA=="
  "resolved" "https://registry.npmjs.org/domelementtype/-/domelementtype-1.1.3.tgz"
  "version" "1.1.3"

"domhandler@^2.3.0":
  "integrity" "sha512-JiK04h0Ht5u/80fdLMCEmV4zkNh2BcoMFBmZ/91WtYZ8qVXSKjiw7fXMgFPnHcSZgOo3XdinHvmnDUeMf5R4wA=="
  "resolved" "https://registry.npmjs.org/domhandler/-/domhandler-2.4.2.tgz"
  "version" "2.4.2"
  dependencies:
    "domelementtype" "1"

"domutils@^1.5.1", "domutils@1.5.1":
  "integrity" "sha1-3NhIiib1Y9YQeeSMn3t+Mjc2gs8= sha512-gSu5Oi/I+3wDENBsOWBiRK1eoGxcywYSqg3rR960/+EfY0CF4EX1VPkgHOZ3WiS/Jg2DtliF6BhWcHlfpYUcGw=="
  "resolved" "https://registry.npmjs.org/domutils/-/domutils-1.5.1.tgz"
  "version" "1.5.1"
  dependencies:
    "dom-serializer" "0"
    "domelementtype" "1"

"entities@^1.1.1", "entities@~1.1.1":
  "integrity" "sha512-f2LZMYl1Fzu7YSBKg+RoROelpOaNrcGmE9AZubeDfrCEia483oW4MI4VyFd5VNHIgQ/7qm1I0wUHK1eJnn2y2w=="
  "resolved" "https://registry.npmjs.org/entities/-/entities-1.1.2.tgz"
  "version" "1.1.2"

"fd-slicer@~1.1.0":
  "integrity" "sha1-JcfInLH5B3+IkbvmHY85Dq4lbx4= sha512-cE1qsB/VwyQozZ+q1dGxR8LBYNZeofhEdUNGSMbQD3Gw2lAzX9Zb3uIU6Ebc/Fmyjo9AWWfnn0AUCHqtevs/8g=="
  "resolved" "https://registry.npmjs.org/fd-slicer/-/fd-slicer-1.1.0.tgz"
  "version" "1.1.0"
  dependencies:
    "pend" "~1.2.0"

"fs.realpath@^1.0.0":
  "integrity" "sha1-FQStJSMVjKpA20onh8sBQRmU6k8= sha512-OO0pH2lK6a0hZnAdau5ItzHPI6pUlvI7jMVnxUQRtw4owF2wk8lOSabtGDCTP4Ggrg2MbGnWO9X8K1t4+fGMDw=="
  "resolved" "https://registry.npmjs.org/fs.realpath/-/fs.realpath-1.0.0.tgz"
  "version" "1.0.0"

"glob@^7.0.6":
  "integrity" "sha512-vcfuiIxogLV4DlGBHIUOwI0IbrJ8HWPc4MU7HzviGeNho/UJDfi6B5p3sHeWIQ0KGIU0Jpxi5ZHxemQfLkkAwQ=="
  "resolved" "https://registry.npmjs.org/glob/-/glob-7.1.3.tgz"
  "version" "7.1.3"
  dependencies:
    "fs.realpath" "^1.0.0"
    "inflight" "^1.0.4"
    "inherits" "2"
    "minimatch" "^3.0.4"
    "once" "^1.3.0"
    "path-is-absolute" "^1.0.0"

"global@^4.3.2":
  "integrity" "sha1-52mJJopsdMOJCLEwWxD8DjlOnQ8= sha512-/4AybdwIDU4HkCUbJkZdWpe4P6vuw/CUtu+0I1YlLIPe7OlUO7KNJ+q/rO70CW2/NW6Jc6I62++Hzsf5Alu6rQ=="
  "resolved" "https://registry.npmjs.org/global/-/global-4.3.2.tgz"
  "version" "4.3.2"
  dependencies:
    "min-document" "^2.19.0"
    "process" "~0.5.1"

"htmlparser2@^3.9.1":
  "integrity" "sha512-J1nEUGv+MkXS0weHNWVKJJ+UrLfePxRWpN3C9bEi9fLxL2+ggW94DQvgYVXsaT30PGwYRIZKNZXuyMhp3Di4bQ=="
  "resolved" "https://registry.npmjs.org/htmlparser2/-/htmlparser2-3.10.0.tgz"
  "version" "3.10.0"
  dependencies:
    "domelementtype" "^1.3.0"
    "domhandler" "^2.3.0"
    "domutils" "^1.5.1"
    "entities" "^1.1.1"
    "inherits" "^2.0.1"
    "readable-stream" "^3.0.6"

"inflight@^1.0.4":
  "integrity" "sha1-Sb1jMdfQLQwJvJEKEHW6gWW1bfk= sha512-k92I/b08q4wvFscXCLvqfsHCrjrF7yiXsQuIVvVE7N82W3+aqpzuUdBbfhWcy/FZR3/4IgflMgKLOsvPDrGCJA=="
  "resolved" "https://registry.npmjs.org/inflight/-/inflight-1.0.6.tgz"
  "version" "1.0.6"
  dependencies:
    "once" "^1.3.0"
    "wrappy" "1"

"inherits@^2.0.1", "inherits@^2.0.3", "inherits@2":
  "integrity" "sha1-Yzwsg+PaQqUC9SRmAiSA9CCCYd4= sha512-x00IRNXNy63jwGkJmzPigoySHbaqpNuzKbBOmzK+g2OdZpQ9w+sxCN+VSB3ja7IAge2OP2qpfxTjeNcyjmW1uw=="
  "resolved" "https://registry.npmjs.org/inherits/-/inherits-2.0.3.tgz"
  "version" "2.0.3"

"linkify-it@^2.0.0":
  "integrity" "sha512-4REs8/062kV2DSHxNfq5183zrqXMl7WP0WzABH9IeJI+NLm429FgE1PDecltYfnOoFDFlZGh2T8PfZn0r+GTRg=="
  "resolved" "https://registry.npmjs.org/linkify-it/-/linkify-it-2.1.0.tgz"
  "version" "2.1.0"
  dependencies:
    "uc.micro" "^1.0.1"

"lodash@^4.15.0", "lodash@^4.17.10":
  "integrity" "sha512-cQKh8igo5QUhZ7lg38DYWAxMvjSAKG0A8wGSVimP07SIUEK2UO+arSRKbRZWtelMtN5V0Hkwh5ryOto/SshYIg=="
  "resolved" "https://registry.npmjs.org/lodash/-/lodash-4.17.11.tgz"
  "version" "4.17.11"

"markdown-it@^8.3.1":
  "integrity" "sha512-GcRz3AWTqSUphY3vsUqQSFMbgR38a4Lh3GWlHRh/7MRwz8mcu9n2IO7HOh+bXHrR9kOPDl5RNCaEsrneb+xhHQ=="
  "resolved" "https://registry.npmjs.org/markdown-it/-/markdown-it-8.4.2.tgz"
  "version" "8.4.2"
  dependencies:
    "argparse" "^1.0.7"
    "entities" "~1.1.1"
    "linkify-it" "^2.0.0"
    "mdurl" "^1.0.1"
    "uc.micro" "^1.0.5"

"mdurl@^1.0.1":
  "integrity" "sha1-/oWy7HWlkDfyrf7BAP1sYBdhFS4= sha512-/sKlQJCBYVY9Ers9hqzKou4H6V5UWc/M59TH2dvkt+84itfnq7uFOMLpOiOS4ujvHP4etln18fmIxA5R5fll0g=="
  "resolved" "https://registry.npmjs.org/mdurl/-/mdurl-1.0.1.tgz"
  "version" "1.0.1"

"mime@^1.3.4":
  "integrity" "sha512-x0Vn8spI+wuJ1O6S7gnbaQg8Pxh4NNHb7KSINmEWKiPE4RKOplvijn+NkmYmmRgP68mc70j2EbeTFRsrswaQeg=="
  "resolved" "https://registry.npmjs.org/mime/-/mime-1.6.0.tgz"
  "version" "1.6.0"

"min-document@^2.19.0":
  "integrity" "sha1-e9KC4/WELtKVu3SM3Z8f+iyCRoU= sha512-9Wy1B3m3f66bPPmU5hdA4DR4PB2OfDU/+GS3yAB7IQozE3tqXaVv2zOjgla7MEGSRv95+ILmOuvhLkOK6wJtCQ=="
  "resolved" "https://registry.npmjs.org/min-document/-/min-document-2.19.0.tgz"
  "version" "2.19.0"
  dependencies:
    "dom-walk" "^0.1.0"

"minimatch@^3.0.3", "minimatch@^3.0.4":
  "integrity" "sha512-yJHVQEhyqPLUTgt9B83PXu6W3rx4MvvHvSUvToogpwoGDOUQ+yDrR0HRot+yOCdCO7u4hX3pWft6kWBBcqh0UA=="
  "resolved" "https://registry.npmjs.org/minimatch/-/minimatch-3.0.4.tgz"
  "version" "3.0.4"
  dependencies:
    "brace-expansion" "^1.1.7"

"mute-stream@~0.0.4":
  "integrity" "sha1-MHXOk7whuPq0PhvE2n6BFe0ee6s= sha512-r65nCZhrbXXb6dXOACihYApHw2Q6pV0M3V0PSxd74N0+D8nzAdEAITq2oAjA1jVnKI+tGvEBUpqiMh0+rW6zDQ=="
  "resolved" "https://registry.npmjs.org/mute-stream/-/mute-stream-0.0.7.tgz"
  "version" "0.0.7"

"nth-check@~1.0.1":
  "integrity" "sha512-WeBOdju8SnzPN5vTUJYxYUxLeXpCaVP5i5e0LF8fg7WORF2Wd7wFX/pk0tYZk7s8T+J7VLy0Da6J1+wCT0AtHg=="
  "resolved" "https://registry.npmjs.org/nth-check/-/nth-check-1.0.2.tgz"
  "version" "1.0.2"
  dependencies:
    "boolbase" "~1.0.0"

"once@^1.3.0":
  "integrity" "sha1-WDsap3WWHUsROsF9nFC6753Xa9E= sha512-lNaJgI+2Q5URQBkccEKHTQOPaXdUxnZZElQTZY0MFUAuaEqe1E+Nyvgdz/aIyNi6Z9MzO5dv1H8n58/GELp3+w=="
  "resolved" "https://registry.npmjs.org/once/-/once-1.4.0.tgz"
  "version" "1.4.0"
  dependencies:
    "wrappy" "1"

"os-homedir@^1.0.0":
  "integrity" "sha1-/7xJiDNuDoM94MFox+8VISGqf7M= sha512-B5JU3cabzk8c67mRRd3ECmROafjYMXbuzlwtqdM8IbS8ktlTix8aFGb2bAGKrSRIlnfKwovGUUr72JUPyOb6kQ=="
  "resolved" "https://registry.npmjs.org/os-homedir/-/os-homedir-1.0.2.tgz"
  "version" "1.0.2"

"os-tmpdir@^1.0.0", "os-tmpdir@~1.0.1":
  "integrity" "sha1-u+Z0BseaqFxc/sdm/lc0VV36EnQ= sha512-D2FR03Vir7FIu45XBY20mTb+/ZSWB00sjU9jdQXt83gDrI4Ztz5Fs7/yy74g2N5SVQY4xY1qDr4rNddwYRVX0g=="
  "resolved" "https://registry.npmjs.org/os-tmpdir/-/os-tmpdir-1.0.2.tgz"
  "version" "1.0.2"

"osenv@^0.1.3":
  "integrity" "sha512-0CWcCECdMVc2Rw3U5w9ZjqX6ga6ubk1xDVKxtBQPK7wis/0F2r9T6k4ydGYhecl7YUBxBVxhL5oisPsNxAPe2g=="
  "resolved" "https://registry.npmjs.org/osenv/-/osenv-0.1.5.tgz"
  "version" "0.1.5"
  dependencies:
    "os-homedir" "^1.0.0"
    "os-tmpdir" "^1.0.0"

"parse-semver@^1.1.1":
  "integrity" "sha1-mkr9bfBj3Egm+T+6SpnPIj9mbLg= sha512-Eg1OuNntBMH0ojvEKSrvDSnwLmvVuUOSdylH/pSCPNMIspLlweJyIWXCE+k/5hm3cj/EBUYwmWkjhBALNP4LXQ=="
  "resolved" "https://registry.npmjs.org/parse-semver/-/parse-semver-1.1.1.tgz"
  "version" "1.1.1"
  dependencies:
    "semver" "^5.1.0"

"parse5@^3.0.1":
  "integrity" "sha512-rgO9Zg5LLLkfJF9E6CCmXlSE4UVceloys8JrFqCcHloC3usd/kJCyPDwH2SOlzix2j3xaP9sUX3e8+kvkuleAA=="
  "resolved" "https://registry.npmjs.org/parse5/-/parse5-3.0.3.tgz"
  "version" "3.0.3"
  dependencies:
    "@types/node" "*"

"path-is-absolute@^1.0.0":
  "integrity" "sha1-F0uSaHNVNP+8es5r9TpanhtcX18= sha512-AVbw3UJ2e9bq64vSaS9Am0fje1Pa8pbGqTTsmXfaIiMpnr5DlDhfJOuLj9Sf95ZPVDAUerDfEk88MPmPe7UCQg=="
  "resolved" "https://registry.npmjs.org/path-is-absolute/-/path-is-absolute-1.0.1.tgz"
  "version" "1.0.1"

"pend@~1.2.0":
  "integrity" "sha1-elfrVQpng/kRUzH89GY9XI4AelA= sha512-F3asv42UuXchdzt+xXqfW1OGlVBe+mxa2mqI0pg5yAHZPvFmY3Y6drSf/GQ1A86WgWEN9Kzh/WrgKa6iGcHXLg=="
  "resolved" "https://registry.npmjs.org/pend/-/pend-1.2.0.tgz"
  "version" "1.2.0"

"process@~0.5.1":
  "integrity" "sha1-FjjYqONML0QKkduVq5rrZ3/Bhc8= sha512-oNpcutj+nYX2FjdEW7PGltWhXulAnFlM0My/k48L90hARCOJtvBbQXc/6itV2jDvU5xAAtonP+r6wmQgCcbAUA=="
  "resolved" "https://registry.npmjs.org/process/-/process-0.5.2.tgz"
  "version" "0.5.2"

"q@^1.0.1":
  "integrity" "sha1-fjL3W0E4EpHQRhHxvxQQmsAGUdc= sha512-kV/CThkXo6xyFEZUugw/+pIOywXcDbFYgSct5cT3gqlbkBE1SJdwy6UQoZvodiWF/ckQLZyDE/Bu1M6gVu5lVw=="
  "resolved" "https://registry.npmjs.org/q/-/q-1.5.1.tgz"
  "version" "1.5.1"

"read@^1.0.7":
  "integrity" "sha1-s9oZvQUkMal2cdRKQmNK33ELQMQ= sha512-rSOKNYUmaxy0om1BNjMN4ezNT6VKK+2xF4GBhc81mkH7L60i6dp8qPYrkndNLT3QPphoII3maL9PVC9XmhHwVQ=="
  "resolved" "https://registry.npmjs.org/read/-/read-1.0.7.tgz"
  "version" "1.0.7"
  dependencies:
    "mute-stream" "~0.0.4"

"readable-stream@^3.0.6":
  "integrity" "sha512-vpydAvIJvPODZNagCPuHG87O9JNPtvFEtjHHRVwNVsVVRBqemvPJkc2SYbxJsiZXawJdtZNmkmnsPuE3IgsG0A=="
  "resolved" "https://registry.npmjs.org/readable-stream/-/readable-stream-3.1.0.tgz"
  "version" "3.1.0"
  dependencies:
    "inherits" "^2.0.3"
    "string_decoder" "^1.1.1"
    "util-deprecate" "^1.0.1"

"safe-buffer@~5.1.0":
  "integrity" "sha512-Gd2UZBJDkXlY7GbJxfsE8/nvKkUEU1G38c1siN6QP6a9PT9MmHB8GnpscSmMJSoF8LOIrt8ud/wPtojys4G6+g=="
  "resolved" "https://registry.npmjs.org/safe-buffer/-/safe-buffer-5.1.2.tgz"
  "version" "5.1.2"

"semver@^5.1.0":
  "integrity" "sha512-RS9R6R35NYgQn++fkDWaOmqGoj4Ek9gGs+DPxNUZKuwE183xjJroKvyo1IzVFeXvUrvmALy6FWD5xrdJT25gMg=="
  "resolved" "https://registry.npmjs.org/semver/-/semver-5.6.0.tgz"
  "version" "5.6.0"

"sprintf-js@~1.0.2":
  "integrity" "sha1-BOaSb2YolTVPPdAVIDYzuFcpfiw= sha512-D9cPgkvLlV3t3IzL0D0YLvGA9Ahk4PcvVwUbN0dSGr1aP0Nrt4AEnTUbuGvquEC0mA64Gqt1fzirlRs5ibXx8g=="
  "resolved" "https://registry.npmjs.org/sprintf-js/-/sprintf-js-1.0.3.tgz"
  "version" "1.0.3"

"string_decoder@^1.1.1":
  "integrity" "sha512-6YqyX6ZWEYguAxgZzHGL7SsCeGx3V2TtOTqZz1xSTSWnqsbWwbptafNyvf/ACquZUXV3DANr5BDIwNYe1mN42w=="
  "resolved" "https://registry.npmjs.org/string_decoder/-/string_decoder-1.2.0.tgz"
  "version" "1.2.0"
  dependencies:
    "safe-buffer" "~5.1.0"

"tmp@0.0.29":
  "integrity" "sha1-8lEl/w3Z2jzLDC3Tce4SiLuRKMA= sha512-89PTqMWGDva+GqClOqBV9s3SMh7MA3Mq0pJUdAoHuF65YoE7O0LermaZkVfT5/Ngfo18H4eYiyG7zKOtnEbxsw=="
  "resolved" "https://registry.npmjs.org/tmp/-/tmp-0.0.29.tgz"
  "version" "0.0.29"
  dependencies:
    "os-tmpdir" "~1.0.1"

"tunnel@0.0.4":
  "integrity" "sha1-LTeFoVjBdMmhbcLARuxfxfF0IhM= sha512-o9QYRJN5WgS8oCtqvwzzcfnzaTnDPr7HpUsQdSXscTyzXbjvl4wSHPTUKOKzEaDeQvOuyRtt3ui+ujM7x7TReQ=="
  "resolved" "https://registry.npmjs.org/tunnel/-/tunnel-0.0.4.tgz"
  "version" "0.0.4"

"typed-rest-client@^0.9.0":
  "integrity" "sha1-92jMDcP06VDwbgSCXDaz54NKofI= sha512-fS0Trkof6fAL/QwMgTdwkkA6ZwNdCQm3Iqheuij8wmwLsQmqcGMFkBsW+ZrbgikRSVy6tCR7/n3FhLyUG5Hkkg=="
  "resolved" "https://registry.npmjs.org/typed-rest-client/-/typed-rest-client-0.9.0.tgz"
  "version" "0.9.0"
  dependencies:
    "tunnel" "0.0.4"
    "underscore" "1.8.3"

"uc.micro@^1.0.1", "uc.micro@^1.0.5":
  "integrity" "sha512-JoLI4g5zv5qNyT09f4YAvEZIIV1oOjqnewYg5D38dkQljIzpPT296dbIGvKro3digYI1bkb7W6EP1y4uDlmzLg=="
  "resolved" "https://registry.npmjs.org/uc.micro/-/uc.micro-1.0.5.tgz"
  "version" "1.0.5"

"underscore@^1.8.3":
  "integrity" "sha512-5/4etnCkd9c8gwgowi5/om/mYO5ajCaOgdzj/oW+0eQV9WxKBDZw5+ycmKmeaTXjInS/W0BzpGLo2xR2aBwZdg=="
  "resolved" "https://registry.npmjs.org/underscore/-/underscore-1.9.1.tgz"
  "version" "1.9.1"

"underscore@1.8.3":
  "integrity" "sha1-Tz+1OxBuYJf8+ctBCfKl6b36UCI= sha512-5WsVTFcH1ut/kkhAaHf4PVgI8c7++GiVcpCGxPouI6ZVjsqPnSDf8h/8HtVqc0t4fzRXwnMK70EcZeAs3PIddg=="
  "resolved" "https://registry.npmjs.org/underscore/-/underscore-1.8.3.tgz"
  "version" "1.8.3"

"url-join@^1.1.0":
  "integrity" "sha1-dBxsL0WWxIMNZxhGCSDQySIC3Hg= sha512-zz1wZk4Lb5PTVwZ3HWDmm8XnlPvmOof6/fjdDPA5yBrUcbtV64U6bV832Zf1BtU2WkBBWaUT46wCs+l0HP5nhg=="
  "resolved" "https://registry.npmjs.org/url-join/-/url-join-1.1.0.tgz"
  "version" "1.1.0"

"util-deprecate@^1.0.1":
  "integrity" "sha1-RQ1Nyfpw3nMnYvvS1KKJgUGaDM8= sha512-EPD5q1uXyFxJpCrLnCc1nHnq3gOa6DZBocAIiI2TaSCA7VCJ1UJDMagCzIkXNsUYfD1daK//LTEQ8xiIbrHtcw=="
  "resolved" "https://registry.npmjs.org/util-deprecate/-/util-deprecate-1.0.2.tgz"
  "version" "1.0.2"

"vsce@^1.54.0":
  "integrity" "sha512-E0Cnz50JK/TzUzTxDQ9oj3/Ichot1qmyin/8yHrH2BrQiXWUTX/FbuzMKFf1gTkNr6VvI3HbEf4VxSP/IASFIg=="
  "resolved" "https://registry.npmjs.org/vsce/-/vsce-1.54.0.tgz"
  "version" "1.54.0"
  dependencies:
    "cheerio" "^1.0.0-rc.1"
    "commander" "^2.8.1"
    "denodeify" "^1.2.1"
    "glob" "^7.0.6"
    "lodash" "^4.17.10"
    "markdown-it" "^8.3.1"
    "mime" "^1.3.4"
    "minimatch" "^3.0.3"
    "osenv" "^0.1.3"
    "parse-semver" "^1.1.1"
    "read" "^1.0.7"
    "semver" "^5.1.0"
    "tmp" "0.0.29"
    "url-join" "^1.1.0"
    "vso-node-api" "6.1.2-preview"
    "yauzl" "^2.3.1"
    "yazl" "^2.2.2"

"vso-node-api@6.1.2-preview":
  "integrity" "sha1-qrNUbfJFHs2JTgcbuZtd8Zxfp48= sha512-h1ZhiOeFOT31TVDVyYiVrcIPnGt4eCZIDtK02WTZMQhw+bkex2PjnmHYmq3/shHkk6JMc9NSjYwpuaVyFsTxMw=="
  "resolved" "https://registry.npmjs.org/vso-node-api/-/vso-node-api-6.1.2-preview.tgz"
  "version" "6.1.2-preview"
  dependencies:
    "q" "^1.0.1"
    "tunnel" "0.0.4"
    "typed-rest-client" "^0.9.0"
    "underscore" "^1.8.3"

"wrappy@1":
  "integrity" "sha1-tSQ9jz7BqjXxNkYFvA0QNuMKtp8= sha512-l4Sp/DRseor9wL6EvV2+TuQn63dMkPjZ/sp9XkghTEbV9KlPS1xUsZ3u7/IQO4wxtcFB4bgpQPRcR3QCvezPcQ=="
  "resolved" "https://registry.npmjs.org/wrappy/-/wrappy-1.0.2.tgz"
  "version" "1.0.2"

"yauzl@^2.3.1":
  "integrity" "sha1-x+sXyT4RLLEIb6bY5R+wZnt5pfk= sha512-p4a9I6X6nu6IhoGmBqAcbJy1mlC4j27vEPZX9F4L4/vZT3Lyq1VkFHw/V/PUcB9Buo+DG3iHkT0x3Qya58zc3g=="
  "resolved" "https://registry.npmjs.org/yauzl/-/yauzl-2.10.0.tgz"
  "version" "2.10.0"
  dependencies:
    "buffer-crc32" "~0.2.3"
    "fd-slicer" "~1.1.0"

"yazl@^2.2.2":
  "integrity" "sha512-phENi2PLiHnHb6QBVot+dJnaAZ0xosj7p3fWl+znIjBDlnMI2PsZCJZ306BPTFOaHf5qdDEI8x5qFrSOBN5vrw=="
  "resolved" "https://registry.npmjs.org/yazl/-/yazl-2.5.1.tgz"
  "version" "2.5.1"
  dependencies:
    "buffer-crc32" "~0.2.3"
